
Microsoft Visual Studio Solution File, Format Version 12.00
# Visual Studio Version 17
VisualStudioVersion = 17.13.35825.156
MinimumVisualStudioVersion = 10.0.40219.1
Project("{FAE04EC0-301F-11D3-BF4B-00C04F79EFBC}") = "WeatherSystem.WebApp", "WeatherSystem.WebApp\WeatherSystem.WebApp.csproj", "{1BD61E90-2534-4BC4-874E-44B0990A0D56}"
EndProject
Project("{FAE04EC0-301F-11D3-BF4B-00C04F79EFBC}") = "WeatherSystem.Simulator", "WeatherSystem.Simulator\WeatherSystem.Simulator.csproj", "{7B3B1BF9-34B6-46B5-8693-FB90DD48108E}"
EndProject
Project("{FAE04EC0-301F-11D3-BF4B-00C04F79EFBC}") = "WeatherSystem.DomainCore", "WeatherSystem.DomainCore\WeatherSystem.DomainCore.csproj", "{31047FB5-49F6-4669-A0BC-0285B5F61E76}"
EndProject
Project("{FAE04EC0-301F-11D3-BF4B-00C04F79EFBC}") = "WeatherSystem.Tests", "WeatherSystem.Tests\WeatherSystem.Tests.csproj", "{1D8A750B-3BD0-4C61-8FC2-82BED429DE11}"
EndProject
Project("{2150E333-8FDC-42A3-9474-1A3956D46DE8}") = "src", "src", "{02EA681E-C7D8-13C7-8484-4AC65E1B71E8}"
EndProject
Project("{2150E333-8FDC-42A3-9474-1A3956D46DE8}") = "tests", "tests", "{743628F0-27BF-4986-A502-41BDF2AE23A8}"
EndProject
Project("{FAE04EC0-301F-11D3-BF4B-00C04F79EFBC}") = "WeatherSystem.AppHost", "WeatherSystem.AppHost\WeatherSystem.AppHost.csproj", "{86B33215-5A81-4887-972B-C165998359D4}"
EndProject
Project("{FAE04EC0-301F-11D3-BF4B-00C04F79EFBC}") = "WeatherSystem.ServiceDefaults", "WeatherSystem.ServiceDefaults\WeatherSystem.ServiceDefaults.csproj", "{686919F2-0912-4432-39C6-F0178D46CDD0}"
EndProject
Project("{FAE04EC0-301F-11D3-BF4B-00C04F79EFBC}") = "WeatherSystem.Node", "WeatherSystem.Node\WeatherSystem.Node.csproj", "{AE137800-E64F-4840-BACD-EAAB23AF47B5}"
EndProject
Project("{2150E333-8FDC-42A3-9474-1A3956D46DE8}") = "Projektmappenelemente", "Projektmappenelemente", "{84D27F74-D2BA-6C25-2661-968F101900D9}"
	ProjectSection(SolutionItems) = preProject
		.github\workflows\ci-cd.yml = .github\workflows\ci-cd.yml
		docker-compose.yml = docker-compose.yml
		README.md = README.md
	EndProjectSection
EndProject
Global
	GlobalSection(SolutionConfigurationPlatforms) = preSolution
		Debug|Any CPU = Debug|Any CPU
		Debug|x64 = Debug|x64
		Debug|x86 = Debug|x86
		Release|Any CPU = Release|Any CPU
		Release|x64 = Release|x64
		Release|x86 = Release|x86
	EndGlobalSection
	GlobalSection(ProjectConfigurationPlatforms) = postSolution
		{1BD61E90-2534-4BC4-874E-44B0990A0D56}.Debug|Any CPU.ActiveCfg = Debug|Any CPU
		{1BD61E90-2534-4BC4-874E-44B0990A0D56}.Debug|Any CPU.Build.0 = Debug|Any CPU
		{1BD61E90-2534-4BC4-874E-44B0990A0D56}.Debug|x64.ActiveCfg = Debug|Any CPU
		{1BD61E90-2534-4BC4-874E-44B0990A0D56}.Debug|x64.Build.0 = Debug|Any CPU
		{1BD61E90-2534-4BC4-874E-44B0990A0D56}.Debug|x86.ActiveCfg = Debug|Any CPU
		{1BD61E90-2534-4BC4-874E-44B0990A0D56}.Debug|x86.Build.0 = Debug|Any CPU
		{1BD61E90-2534-4BC4-874E-44B0990A0D56}.Release|Any CPU.ActiveCfg = Release|Any CPU
		{1BD61E90-2534-4BC4-874E-44B0990A0D56}.Release|Any CPU.Build.0 = Release|Any CPU
		{1BD61E90-2534-4BC4-874E-44B0990A0D56}.Release|x64.ActiveCfg = Release|Any CPU
		{1BD61E90-2534-4BC4-874E-44B0990A0D56}.Release|x64.Build.0 = Release|Any CPU
		{1BD61E90-2534-4BC4-874E-44B0990A0D56}.Release|x86.ActiveCfg = Release|Any CPU
		{1BD61E90-2534-4BC4-874E-44B0990A0D56}.Release|x86.Build.0 = Release|Any CPU
		{7B3B1BF9-34B6-46B5-8693-FB90DD48108E}.Debug|Any CPU.ActiveCfg = Debug|Any CPU
		{7B3B1BF9-34B6-46B5-8693-FB90DD48108E}.Debug|Any CPU.Build.0 = Debug|Any CPU
		{7B3B1BF9-34B6-46B5-8693-FB90DD48108E}.Debug|x64.ActiveCfg = Debug|Any CPU
		{7B3B1BF9-34B6-46B5-8693-FB90DD48108E}.Debug|x64.Build.0 = Debug|Any CPU
		{7B3B1BF9-34B6-46B5-8693-FB90DD48108E}.Debug|x86.ActiveCfg = Debug|Any CPU
		{7B3B1BF9-34B6-46B5-8693-FB90DD48108E}.Debug|x86.Build.0 = Debug|Any CPU
		{7B3B1BF9-34B6-46B5-8693-FB90DD48108E}.Release|Any CPU.ActiveCfg = Release|Any CPU
		{7B3B1BF9-34B6-46B5-8693-FB90DD48108E}.Release|Any CPU.Build.0 = Release|Any CPU
		{7B3B1BF9-34B6-46B5-8693-FB90DD48108E}.Release|x64.ActiveCfg = Release|Any CPU
		{7B3B1BF9-34B6-46B5-8693-FB90DD48108E}.Release|x64.Build.0 = Release|Any CPU
		{7B3B1BF9-34B6-46B5-8693-FB90DD48108E}.Release|x86.ActiveCfg = Release|Any CPU
		{7B3B1BF9-34B6-46B5-8693-FB90DD48108E}.Release|x86.Build.0 = Release|Any CPU
		{31047FB5-49F6-4669-A0BC-0285B5F61E76}.Debug|Any CPU.ActiveCfg = Debug|Any CPU
		{31047FB5-49F6-4669-A0BC-0285B5F61E76}.Debug|Any CPU.Build.0 = Debug|Any CPU
		{31047FB5-49F6-4669-A0BC-0285B5F61E76}.Debug|x64.ActiveCfg = Debug|Any CPU
		{31047FB5-49F6-4669-A0BC-0285B5F61E76}.Debug|x64.Build.0 = Debug|Any CPU
		{31047FB5-49F6-4669-A0BC-0285B5F61E76}.Debug|x86.ActiveCfg = Debug|Any CPU
		{31047FB5-49F6-4669-A0BC-0285B5F61E76}.Debug|x86.Build.0 = Debug|Any CPU
		{31047FB5-49F6-4669-A0BC-0285B5F61E76}.Release|Any CPU.ActiveCfg = Release|Any CPU
		{31047FB5-49F6-4669-A0BC-0285B5F61E76}.Release|Any CPU.Build.0 = Release|Any CPU
		{31047FB5-49F6-4669-A0BC-0285B5F61E76}.Release|x64.ActiveCfg = Release|Any CPU
		{31047FB5-49F6-4669-A0BC-0285B5F61E76}.Release|x64.Build.0 = Release|Any CPU
		{31047FB5-49F6-4669-A0BC-0285B5F61E76}.Release|x86.ActiveCfg = Release|Any CPU
		{31047FB5-49F6-4669-A0BC-0285B5F61E76}.Release|x86.Build.0 = Release|Any CPU
		{1D8A750B-3BD0-4C61-8FC2-82BED429DE11}.Debug|Any CPU.ActiveCfg = Debug|Any CPU
		{1D8A750B-3BD0-4C61-8FC2-82BED429DE11}.Debug|Any CPU.Build.0 = Debug|Any CPU
		{1D8A750B-3BD0-4C61-8FC2-82BED429DE11}.Debug|x64.ActiveCfg = Debug|Any CPU
		{1D8A750B-3BD0-4C61-8FC2-82BED429DE11}.Debug|x64.Build.0 = Debug|Any CPU
		{1D8A750B-3BD0-4C61-8FC2-82BED429DE11}.Debug|x86.ActiveCfg = Debug|Any CPU
		{1D8A750B-3BD0-4C61-8FC2-82BED429DE11}.Debug|x86.Build.0 = Debug|Any CPU
		{1D8A750B-3BD0-4C61-8FC2-82BED429DE11}.Release|Any CPU.ActiveCfg = Release|Any CPU
		{1D8A750B-3BD0-4C61-8FC2-82BED429DE11}.Release|Any CPU.Build.0 = Release|Any CPU
		{1D8A750B-3BD0-4C61-8FC2-82BED429DE11}.Release|x64.ActiveCfg = Release|Any CPU
		{1D8A750B-3BD0-4C61-8FC2-82BED429DE11}.Release|x64.Build.0 = Release|Any CPU
		{1D8A750B-3BD0-4C61-8FC2-82BED429DE11}.Release|x86.ActiveCfg = Release|Any CPU
		{1D8A750B-3BD0-4C61-8FC2-82BED429DE11}.Release|x86.Build.0 = Release|Any CPU
		{86B33215-5A81-4887-972B-C165998359D4}.Debug|Any CPU.ActiveCfg = Debug|Any CPU
		{86B33215-5A81-4887-972B-C165998359D4}.Debug|Any CPU.Build.0 = Debug|Any CPU
		{86B33215-5A81-4887-972B-C165998359D4}.Debug|x64.ActiveCfg = Debug|Any CPU
		{86B33215-5A81-4887-972B-C165998359D4}.Debug|x64.Build.0 = Debug|Any CPU
		{86B33215-5A81-4887-972B-C165998359D4}.Debug|x86.ActiveCfg = Debug|Any CPU
		{86B33215-5A81-4887-972B-C165998359D4}.Debug|x86.Build.0 = Debug|Any CPU
		{86B33215-5A81-4887-972B-C165998359D4}.Release|Any CPU.ActiveCfg = Release|Any CPU
		{86B33215-5A81-4887-972B-C165998359D4}.Release|Any CPU.Build.0 = Release|Any CPU
		{86B33215-5A81-4887-972B-C165998359D4}.Release|x64.ActiveCfg = Release|Any CPU
		{86B33215-5A81-4887-972B-C165998359D4}.Release|x64.Build.0 = Release|Any CPU
		{86B33215-5A81-4887-972B-C165998359D4}.Release|x86.ActiveCfg = Release|Any CPU
		{86B33215-5A81-4887-972B-C165998359D4}.Release|x86.Build.0 = Release|Any CPU
		{686919F2-0912-4432-39C6-F0178D46CDD0}.Debug|Any CPU.ActiveCfg = Debug|Any CPU
		{686919F2-0912-4432-39C6-F0178D46CDD0}.Debug|Any CPU.Build.0 = Debug|Any CPU
		{686919F2-0912-4432-39C6-F0178D46CDD0}.Debug|x64.ActiveCfg = Debug|Any CPU
		{686919F2-0912-4432-39C6-F0178D46CDD0}.Debug|x64.Build.0 = Debug|Any CPU
		{686919F2-0912-4432-39C6-F0178D46CDD0}.Debug|x86.ActiveCfg = Debug|Any CPU
		{686919F2-0912-4432-39C6-F0178D46CDD0}.Debug|x86.Build.0 = Debug|Any CPU
		{686919F2-0912-4432-39C6-F0178D46CDD0}.Release|Any CPU.ActiveCfg = Release|Any CPU
		{686919F2-0912-4432-39C6-F0178D46CDD0}.Release|Any CPU.Build.0 = Release|Any CPU
		{686919F2-0912-4432-39C6-F0178D46CDD0}.Release|x64.ActiveCfg = Release|Any CPU
		{686919F2-0912-4432-39C6-F0178D46CDD0}.Release|x64.Build.0 = Release|Any CPU
		{686919F2-0912-4432-39C6-F0178D46CDD0}.Release|x86.ActiveCfg = Release|Any CPU
		{686919F2-0912-4432-39C6-F0178D46CDD0}.Release|x86.Build.0 = Release|Any CPU
		{AE137800-E64F-4840-BACD-EAAB23AF47B5}.Debug|Any CPU.ActiveCfg = Debug|Any CPU
		{AE137800-E64F-4840-BACD-EAAB23AF47B5}.Debug|Any CPU.Build.0 = Debug|Any CPU
		{AE137800-E64F-4840-BACD-EAAB23AF47B5}.Debug|x64.ActiveCfg = Debug|Any CPU
		{AE137800-E64F-4840-BACD-EAAB23AF47B5}.Debug|x64.Build.0 = Debug|Any CPU
		{AE137800-E64F-4840-BACD-EAAB23AF47B5}.Debug|x86.ActiveCfg = Debug|Any CPU
		{AE137800-E64F-4840-BACD-EAAB23AF47B5}.Debug|x86.Build.0 = Debug|Any CPU
		{AE137800-E64F-4840-BACD-EAAB23AF47B5}.Release|Any CPU.ActiveCfg = Release|Any CPU
		{AE137800-E64F-4840-BACD-EAAB23AF47B5}.Release|Any CPU.Build.0 = Release|Any CPU
		{AE137800-E64F-4840-BACD-EAAB23AF47B5}.Release|x64.ActiveCfg = Release|Any CPU
		{AE137800-E64F-4840-BACD-EAAB23AF47B5}.Release|x64.Build.0 = Release|Any CPU
		{AE137800-E64F-4840-BACD-EAAB23AF47B5}.Release|x86.ActiveCfg = Release|Any CPU
		{AE137800-E64F-4840-BACD-EAAB23AF47B5}.Release|x86.Build.0 = Release|Any CPU
	EndGlobalSection
	GlobalSection(SolutionProperties) = preSolution
		HideSolutionNode = FALSE
	EndGlobalSection
	GlobalSection(NestedProjects) = preSolution
		{1BD61E90-2534-4BC4-874E-44B0990A0D56} = {02EA681E-C7D8-13C7-8484-4AC65E1B71E8}
		{7B3B1BF9-34B6-46B5-8693-FB90DD48108E} = {02EA681E-C7D8-13C7-8484-4AC65E1B71E8}
		{31047FB5-49F6-4669-A0BC-0285B5F61E76} = {02EA681E-C7D8-13C7-8484-4AC65E1B71E8}
		{1D8A750B-3BD0-4C61-8FC2-82BED429DE11} = {743628F0-27BF-4986-A502-41BDF2AE23A8}
		{86B33215-5A81-4887-972B-C165998359D4} = {02EA681E-C7D8-13C7-8484-4AC65E1B71E8}
		{686919F2-0912-4432-39C6-F0178D46CDD0} = {02EA681E-C7D8-13C7-8484-4AC65E1B71E8}
		{AE137800-E64F-4840-BACD-EAAB23AF47B5} = {02EA681E-C7D8-13C7-8484-4AC65E1B71E8}
	EndGlobalSection
	GlobalSection(ExtensibilityGlobals) = postSolution
		SolutionGuid = {A128FA0D-13B6-4BD3-B110-2F2048C472FE}
	EndGlobalSection
EndGlobal
